{
  "requires": true,
  "lockfileVersion": 1,
  "dependencies": {
    "@deck.gl/test-utils": {
      "version": "8.3.13",
      "resolved": "https://registry.npmjs.org/@deck.gl/test-utils/-/test-utils-8.3.13.tgz",
      "integrity": "sha512-+IBq880eA0gs/7xJ231IKqN76xIzKAXx0rjQ+0Qckh4C/MpAFO/S/PKKz79L/XdLXxJiuDX+zyca0UodiXX8Qg==",
      "dev": true
    }
  }
}
